{
  "name": "license-ci-checker",
  "version": "1.0.2",
  "lockfileVersion": 1,
  "requires": true,
  "dependencies": {
    "abbrev": {
      "version": "1.1.1",
      "resolved": "https://registry.npmjs.org/abbrev/-/abbrev-1.1.1.tgz",
      "integrity": "sha512-nne9/IiQ/hzIhY6pdDnbBtz7DjPTKrY00P/zvPSm5pOFkl6xuGrGnXn/VtTNNfNtAfZ9/1RtehkszU9qcTii0Q=="
    },
    "ansi-regex": {
      "version": "0.2.1",
      "resolved": "https://registry.npmjs.org/ansi-regex/-/ansi-regex-0.2.1.tgz",
      "integrity": "sha1-DY6UaWej2BQ/k+JOKYUl/BsiNfk="
    },
    "ansi-styles": {
      "version": "1.1.0",
      "resolved": "https://registry.npmjs.org/ansi-styles/-/ansi-styles-1.1.0.tgz",
      "integrity": "sha1-6uy/Zs1waIJ2Cy9GkVgrj1XXp94="
    },
    "asap": {
      "version": "2.0.6",
      "resolved": "https://registry.npmjs.org/asap/-/asap-2.0.6.tgz",
      "integrity": "sha1-5QNHYR1+aQlDIIu9r+vLwvuGbUY="
    },
    "async": {
      "version": "2.6.2",
      "resolved": "https://registry.npmjs.org/async/-/async-2.6.2.tgz",
      "integrity": "sha512-H1qVYh1MYhEEFLsP97cVKqCGo7KfCyTt6uEWqsTBr9SO84oK9Uwbyd/yCW+6rKJLHksBNUVWZDAjfS+Ccx0Bbg==",
      "requires": {
        "lodash": "^4.17.11"
      }
    },
    "balanced-match": {
      "version": "1.0.0",
      "resolved": "https://registry.npmjs.org/balanced-match/-/balanced-match-1.0.0.tgz",
      "integrity": "sha1-ibTRmasr7kneFk6gK4nORi1xt2c="
    },
    "brace-expansion": {
      "version": "1.1.11",
      "resolved": "https://registry.npmjs.org/brace-expansion/-/brace-expansion-1.1.11.tgz",
      "integrity": "sha512-iCuPHDFgrHX7H2vEI/5xpz07zSHB00TpugqhmYtVmMO6518mCuRMoOYFldEBl0g187ufozdaHgWKcYFb61qGiA==",
      "requires": {
        "balanced-match": "^1.0.0",
        "concat-map": "0.0.1"
      }
    },
    "chalk": {
      "version": "0.5.1",
      "resolved": "https://registry.npmjs.org/chalk/-/chalk-0.5.1.tgz",
      "integrity": "sha1-Zjs6ZItotV0EaQ1JFnqoN4WPIXQ=",
      "requires": {
        "ansi-styles": "^1.1.0",
        "escape-string-regexp": "^1.0.0",
        "has-ansi": "^0.1.0",
        "strip-ansi": "^0.3.0",
        "supports-color": "^0.2.0"
      }
    },
    "colors": {
      "version": "1.3.3",
      "resolved": "https://registry.npmjs.org/colors/-/colors-1.3.3.tgz",
      "integrity": "sha512-mmGt/1pZqYRjMxB1axhTo16/snVZ5krrKkcmMeVKxzECMMXoCgnvTPp10QgHfcbQZw8Dq2jMNG6je4JlWU0gWg=="
    },
    "concat-map": {
      "version": "0.0.1",
      "resolved": "https://registry.npmjs.org/concat-map/-/concat-map-0.0.1.tgz",
      "integrity": "sha1-2Klr13/Wjfd5OnMDajug1UBdR3s="
    },
    "debuglog": {
      "version": "1.0.1",
      "resolved": "https://registry.npmjs.org/debuglog/-/debuglog-1.0.1.tgz",
      "integrity": "sha1-qiT/uaw9+aI1GDfPstJ5NgzXhJI="
    },
    "dezalgo": {
      "version": "1.0.3",
      "resolved": "https://registry.npmjs.org/dezalgo/-/dezalgo-1.0.3.tgz",
      "integrity": "sha1-f3Qt4Gb8dIvI24IFad3c5Jvw1FY=",
      "requires": {
        "asap": "^2.0.0",
        "wrappy": "1"
      }
    },
    "escape-string-regexp": {
      "version": "1.0.5",
      "resolved": "https://registry.npmjs.org/escape-string-regexp/-/escape-string-regexp-1.0.5.tgz",
      "integrity": "sha1-G2HAViGQqN/2rjuyzwIAyhMLhtQ="
    },
    "github-url-from-git": {
      "version": "1.5.0",
      "resolved": "https://registry.npmjs.org/github-url-from-git/-/github-url-from-git-1.5.0.tgz",
      "integrity": "sha1-+YX+3MCpqledyI16/waNVcxiUaA="
    },
    "github-url-from-username-repo": {
      "version": "1.0.2",
      "resolved": "https://registry.npmjs.org/github-url-from-username-repo/-/github-url-from-username-repo-1.0.2.tgz",
      "integrity": "sha1-fdeTMNKr5pwQws73lxTJchV5Hfo="
    },
    "glob": {
      "version": "5.0.15",
      "resolved": "https://registry.npmjs.org/glob/-/glob-5.0.15.tgz",
      "integrity": "sha1-G8k2ueAvSmA/zCIuz3Yz0wuLk7E=",
      "requires": {
        "inflight": "^1.0.4",
        "inherits": "2",
        "minimatch": "2 || 3",
        "once": "^1.3.0",
        "path-is-absolute": "^1.0.0"
      }
    },
    "graceful-fs": {
      "version": "3.0.11",
      "resolved": "https://registry.npmjs.org/graceful-fs/-/graceful-fs-3.0.11.tgz",
      "integrity": "sha1-dhPHeKGv6mLyXGMKCG1/Osu92Bg=",
      "optional": true,
      "requires": {
        "natives": "^1.1.0"
      }
    },
    "has-ansi": {
      "version": "0.1.0",
      "resolved": "https://registry.npmjs.org/has-ansi/-/has-ansi-0.1.0.tgz",
      "integrity": "sha1-hPJlqujA5qiKEtcCKJS3VoiUxi4=",
      "requires": {
        "ansi-regex": "^0.2.0"
      }
    },
    "inflight": {
      "version": "1.0.6",
      "resolved": "https://registry.npmjs.org/inflight/-/inflight-1.0.6.tgz",
      "integrity": "sha1-Sb1jMdfQLQwJvJEKEHW6gWW1bfk=",
      "requires": {
        "once": "^1.3.0",
        "wrappy": "1"
      }
    },
    "inherits": {
      "version": "2.0.3",
      "resolved": "https://registry.npmjs.org/inherits/-/inherits-2.0.3.tgz",
      "integrity": "sha1-Yzwsg+PaQqUC9SRmAiSA9CCCYd4="
    },
    "jju": {
      "version": "1.4.0",
      "resolved": "https://registry.npmjs.org/jju/-/jju-1.4.0.tgz",
      "integrity": "sha1-o6vicYryQaKykE+EpiWXDzia4yo="
    },
    "jquery-extend": {
      "version": "2.0.3",
      "resolved": "https://registry.npmjs.org/jquery-extend/-/jquery-extend-2.0.3.tgz",
      "integrity": "sha1-aBXNsBqGbdujDm9ND8X7ZnknJzU="
    },
    "json-parse-helpfulerror": {
      "version": "1.0.3",
      "resolved": "https://registry.npmjs.org/json-parse-helpfulerror/-/json-parse-helpfulerror-1.0.3.tgz",
      "integrity": "sha1-E/FM4C7tTpgSl7ZOueO5MuLdE9w=",
      "requires": {
        "jju": "^1.1.0"
      }
    },
    "lodash": {
      "version": "4.17.11",
      "resolved": "https://registry.npmjs.org/lodash/-/lodash-4.17.11.tgz",
      "integrity": "sha512-cQKh8igo5QUhZ7lg38DYWAxMvjSAKG0A8wGSVimP07SIUEK2UO+arSRKbRZWtelMtN5V0Hkwh5ryOto/SshYIg=="
    },
    "minimatch": {
      "version": "3.0.4",
      "resolved": "https://registry.npmjs.org/minimatch/-/minimatch-3.0.4.tgz",
      "integrity": "sha512-yJHVQEhyqPLUTgt9B83PXu6W3rx4MvvHvSUvToogpwoGDOUQ+yDrR0HRot+yOCdCO7u4hX3pWft6kWBBcqh0UA==",
      "requires": {
        "brace-expansion": "^1.1.7"
      }
    },
    "minimist": {
      "version": "0.0.8",
      "resolved": "https://registry.npmjs.org/minimist/-/minimist-0.0.8.tgz",
      "integrity": "sha1-hX/Kv8M5fSYluCKCYuhqp6ARsF0="
    },
    "mkdirp": {
      "version": "0.5.1",
      "resolved": "https://registry.npmjs.org/mkdirp/-/mkdirp-0.5.1.tgz",
      "integrity": "sha1-MAV0OOrGz3+MR2fzhkjWaX11yQM=",
      "requires": {
        "minimist": "0.0.8"
      }
    },
    "natives": {
      "version": "1.1.6",
      "resolved": "https://registry.npmjs.org/natives/-/natives-1.1.6.tgz",
      "integrity": "sha512-6+TDFewD4yxY14ptjKaS63GVdtKiES1pTPyxn9Jb0rBqPMZ7VcCiooEhPNsr+mqHtMGxa/5c/HhcC4uPEUw/nA==",
      "optional": true
    },
    "nopt": {
      "version": "3.0.6",
      "resolved": "https://registry.npmjs.org/nopt/-/nopt-3.0.6.tgz",
      "integrity": "sha1-xkZdvwirzU2zWTF/eaxopkayj/k=",
      "requires": {
        "abbrev": "1"
      }
    },
    "nopt-defaults": {
      "version": "0.0.1",
      "resolved": "https://registry.npmjs.org/nopt-defaults/-/nopt-defaults-0.0.1.tgz",
      "integrity": "sha1-8VD8yIgjCcv7dhh+Eum8sgaUVYs="
    },
    "nopt-usage": {
      "version": "0.1.0",
      "resolved": "https://registry.npmjs.org/nopt-usage/-/nopt-usage-0.1.0.tgz",
      "integrity": "sha1-sYuMGD4YEEfKnmO3zefPxwLMpXk="
    },
    "normalize-package-data": {
      "version": "1.0.3",
      "resolved": "https://registry.npmjs.org/normalize-package-data/-/normalize-package-data-1.0.3.tgz",
      "integrity": "sha1-i+lVuJB6+XXxpFhOqLubQUkjEvU=",
      "requires": {
        "github-url-from-git": "^1.3.0",
        "github-url-from-username-repo": "^1.0.0",
        "semver": "2 || 3 || 4"
      }
    },
    "npm-license-crawler": {
      "version": "0.2.0",
      "resolved": "https://registry.npmjs.org/npm-license-crawler/-/npm-license-crawler-0.2.0.tgz",
      "integrity": "sha512-M0XsYKLEe74/vuxd0ks4mO1hDYxQxYb/VHMT+dPQr56Q35V0dYeBP9qcX5NnvyUPpGbHejihpeK45xpMGWtY7w==",
      "requires": {
        "async": "^2.6.1",
        "jquery-extend": "~2.0.3",
        "license-checker": "git+https://github.com/mwittig/license-checker.git#d546e3f738e14c62e732346fa355162d46700893",
        "mkdirp": "^0.5.1",
        "nopt": "^3.0.6",
        "nopt-defaults": "^0.0.1",
        "nopt-usage": "^0.1.0",
        "treeify": "^1.1.0"
      },
      "dependencies": {
        "license-checker": {
          "version": "git+https://github.com/mwittig/license-checker.git#d546e3f738e14c62e732346fa355162d46700893",
          "from": "git+https://github.com/mwittig/license-checker.git#d546e3f738e14c62e732346fa355162d46700893",
          "requires": {
            "chalk": "~0.5.1",
            "mkdirp": "^0.3.5",
            "nopt": "^2.2.0",
            "read-installed": "~3.1.3",
            "treeify": "^1.0.1"
          },
          "dependencies": {
            "mkdirp": {
              "version": "0.3.5",
              "resolved": "https://registry.npmjs.org/mkdirp/-/mkdirp-0.3.5.tgz",
              "integrity": "sha1-3j5fiWHIjHh+4TaN+EmsRBPsqNc="
            },
            "nopt": {
              "version": "2.2.1",
              "resolved": "https://registry.npmjs.org/nopt/-/nopt-2.2.1.tgz",
              "integrity": "sha1-KqCbfRdoSHs7ianFqlIzW/8Lrqc=",
              "requires": {
                "abbrev": "1"
              }
            }
          }
        }
      }
    },
    "once": {
      "version": "1.4.0",
      "resolved": "https://registry.npmjs.org/once/-/once-1.4.0.tgz",
      "integrity": "sha1-WDsap3WWHUsROsF9nFC6753Xa9E=",
      "requires": {
        "wrappy": "1"
      }
    },
    "path-is-absolute": {
      "version": "1.0.1",
      "resolved": "https://registry.npmjs.org/path-is-absolute/-/path-is-absolute-1.0.1.tgz",
      "integrity": "sha1-F0uSaHNVNP+8es5r9TpanhtcX18="
    },
    "read-installed": {
      "version": "3.1.5",
      "resolved": "https://registry.npmjs.org/read-installed/-/read-installed-3.1.5.tgz",
      "integrity": "sha1-SuNgga/T4iBNwuJ5gHqqUsMMjAw=",
      "requires": {
        "debuglog": "^1.0.1",
        "graceful-fs": "2 || 3",
        "read-package-json": "1",
        "readdir-scoped-modules": "^1.0.0",
        "semver": "2 || 3 || 4",
        "slide": "~1.1.3",
        "util-extend": "^1.0.1"
      }
    },
    "read-package-json": {
      "version": "1.3.3",
      "resolved": "https://registry.npmjs.org/read-package-json/-/read-package-json-1.3.3.tgz",
      "integrity": "sha1-73nf2kbhZTdu6KV++/7dTRsCm6Q=",
      "requires": {
        "glob": "^5.0.3",
        "graceful-fs": "2 || 3",
        "json-parse-helpfulerror": "^1.0.2",
        "normalize-package-data": "^1.0.0"
      }
    },
    "readdir-scoped-modules": {
      "version": "1.0.2",
      "resolved": "https://registry.npmjs.org/readdir-scoped-modules/-/readdir-scoped-modules-1.0.2.tgz",
      "integrity": "sha1-n6+jfShr5dksuuve4DDcm19AZ0c=",
      "requires": {
        "debuglog": "^1.0.1",
        "dezalgo": "^1.0.0",
        "graceful-fs": "^4.1.2",
        "once": "^1.3.0"
      },
      "dependencies": {
        "graceful-fs": {
          "version": "4.1.15",
          "resolved": "https://registry.npmjs.org/graceful-fs/-/graceful-fs-4.1.15.tgz",
          "integrity": "sha512-6uHUhOPEBgQ24HM+r6b/QwWfZq+yiFcipKFrOFiBEnWdy5sdzYoi+pJeQaPI5qOLRFqWmAXUPQNsielzdLoecA=="
        }
      }
    },
    "semver": {
      "version": "4.3.6",
      "resolved": "https://registry.npmjs.org/semver/-/semver-4.3.6.tgz",
      "integrity": "sha1-MAvG4OhjdPe6YQaLWx7NV/xlMto="
    },
    "slide": {
      "version": "1.1.6",
      "resolved": "https://registry.npmjs.org/slide/-/slide-1.1.6.tgz",
      "integrity": "sha1-VusCfWW00tzmyy4tMsTUr8nh1wc="
    },
    "strip-ansi": {
      "version": "0.3.0",
      "resolved": "https://registry.npmjs.org/strip-ansi/-/strip-ansi-0.3.0.tgz",
      "integrity": "sha1-JfSOoiynkYfzF0pNuHWTR7sSYiA=",
      "requires": {
        "ansi-regex": "^0.2.1"
      }
    },
    "supports-color": {
      "version": "0.2.0",
      "resolved": "https://registry.npmjs.org/supports-color/-/supports-color-0.2.0.tgz",
      "integrity": "sha1-2S3iaU6z9nMjlz1649i1W0wiGQo="
    },
    "treeify": {
      "version": "1.1.0",
      "resolved": "https://registry.npmjs.org/treeify/-/treeify-1.1.0.tgz",
      "integrity": "sha512-1m4RA7xVAJrSGrrXGs0L3YTwyvBs2S8PbRHaLZAkFw7JR8oIFwYtysxlBZhYIa7xSyiYJKZ3iGrrk55cGA3i9A=="
    },
    "util-extend": {
      "version": "1.0.3",
      "resolved": "https://registry.npmjs.org/util-extend/-/util-extend-1.0.3.tgz",
      "integrity": "sha1-p8IW0mdUUWljeztu3GypEZ4v+T8="
    },
    "wrappy": {
      "version": "1.0.2",
      "resolved": "https://registry.npmjs.org/wrappy/-/wrappy-1.0.2.tgz",
      "integrity": "sha1-tSQ9jz7BqjXxNkYFvA0QNuMKtp8="
    }
  }
}
